# @generated by Move, please check-in and do not edit manually.

[move]
version = 3
manifest_digest = "FA79B3F5DBE7534E75D1CC14EE1F4C4F26AE0378173CF48405567C77B746B0FC"
deps_digest = "F9B494B64F0615AED0E98FC12A85B85ECD2BC5185C22D30E7F67786BB52E507C"
dependencies = [
  { id = "Iota", name = "Iota" },
  { id = "IotaSystem", name = "IotaSystem" },
  { id = "MoveStdlib", name = "MoveStdlib" },
  { id = "Stardust", name = "Stardust" },
]

[[move.package]]
id = "Iota"
source = { git = "https://github.com/iotaledger/iota.git", rev = "317ad1d4ab8af4c5ac86058ca2156e4335bf0571", subdir = "crates/iota-framework/packages/iota-framework" }

dependencies = [
  { id = "MoveStdlib", name = "MoveStdlib" },
]

[[move.package]]
id = "IotaSystem"
source = { git = "https://github.com/iotaledger/iota.git", rev = "317ad1d4ab8af4c5ac86058ca2156e4335bf0571", subdir = "crates/iota-framework/packages/iota-system" }

dependencies = [
  { id = "Iota", name = "Iota" },
  { id = "MoveStdlib", name = "MoveStdlib" },
]

[[move.package]]
id = "MoveStdlib"
source = { git = "https://github.com/iotaledger/iota.git", rev = "317ad1d4ab8af4c5ac86058ca2156e4335bf0571", subdir = "crates/iota-framework/packages/move-stdlib" }

[[move.package]]
id = "Stardust"
source = { git = "https://github.com/iotaledger/iota.git", rev = "317ad1d4ab8af4c5ac86058ca2156e4335bf0571", subdir = "crates/iota-framework/packages/stardust" }

dependencies = [
  { id = "Iota", name = "Iota" },
  { id = "MoveStdlib", name = "MoveStdlib" },
]

[move.toolchain-version]
compiler-version = "1.23.2-rc"
edition = "2024.beta"
flavor = "iota"

[env]

[env.testnet]
chain-id = "2304aa97"
original-published-id = "0xbdea9460af3dd47b5f49ddb13ca7b2293b9243fccc33fe9cd873beb70655cf3c"
latest-published-id = "0xbdea9460af3dd47b5f49ddb13ca7b2293b9243fccc33fe9cd873beb70655cf3c"
published-version = "1"
